
Microsoft Visual Studio Solution File, Format Version 12.00
# Visual Studio Version 16
VisualStudioVersion = 16.0.29911.84
MinimumVisualStudioVersion = 10.0.40219.1
Project("{FAE04EC0-301F-11D3-BF4B-00C04F79EFBC}") = "Harjoitus6", "Harjoitus6\Harjoitus6.csproj", "{DEE4D6C0-B0A5-48BB-971C-933C3EE9E797}"
EndProject
Global
	GlobalSection(SolutionConfigurationPlatforms) = preSolution
		Debug|Any CPU = Debug|Any CPU
		Release|Any CPU = Release|Any CPU
	EndGlobalSection
	GlobalSection(ProjectConfigurationPlatforms) = postSolution
		{DEE4D6C0-B0A5-48BB-971C-933C3EE9E797}.Debug|Any CPU.ActiveCfg = Debug|Any CPU
		{DEE4D6C0-B0A5-48BB-971C-933C3EE9E797}.Debug|Any CPU.Build.0 = Debug|Any CPU
		{DEE4D6C0-B0A5-48BB-971C-933C3EE9E797}.Release|Any CPU.ActiveCfg = Release|Any CPU
		{DEE4D6C0-B0A5-48BB-971C-933C3EE9E797}.Release|Any CPU.Build.0 = Release|Any CPU
	EndGlobalSection
	GlobalSection(SolutionProperties) = preSolution
		HideSolutionNode = FALSE
	EndGlobalSection
	GlobalSection(ExtensibilityGlobals) = postSolution
		SolutionGuid = {A40DD4BC-8C16-44D5-B5BA-8055EF5F1AFF}
	EndGlobalSection
EndGlobal
