
Microsoft Visual Studio Solution File, Format Version 12.00
# Visual Studio Version 16
VisualStudioVersion = 16.0.29911.84
MinimumVisualStudioVersion = 10.0.40219.1
Project("{FAE04EC0-301F-11D3-BF4B-00C04F79EFBC}") = "Harjoituksia3", "Harjoituksia3\Harjoituksia3.csproj", "{18D38AE1-402E-4CF6-8AE9-6C110EED9C54}"
EndProject
Global
	GlobalSection(SolutionConfigurationPlatforms) = preSolution
		Debug|Any CPU = Debug|Any CPU
		Release|Any CPU = Release|Any CPU
	EndGlobalSection
	GlobalSection(ProjectConfigurationPlatforms) = postSolution
		{18D38AE1-402E-4CF6-8AE9-6C110EED9C54}.Debug|Any CPU.ActiveCfg = Debug|Any CPU
		{18D38AE1-402E-4CF6-8AE9-6C110EED9C54}.Debug|Any CPU.Build.0 = Debug|Any CPU
		{18D38AE1-402E-4CF6-8AE9-6C110EED9C54}.Release|Any CPU.ActiveCfg = Release|Any CPU
		{18D38AE1-402E-4CF6-8AE9-6C110EED9C54}.Release|Any CPU.Build.0 = Release|Any CPU
	EndGlobalSection
	GlobalSection(SolutionProperties) = preSolution
		HideSolutionNode = FALSE
	EndGlobalSection
	GlobalSection(ExtensibilityGlobals) = postSolution
		SolutionGuid = {781C3655-3D55-467F-AAFE-A530E7152413}
	EndGlobalSection
EndGlobal
