
Microsoft Visual Studio Solution File, Format Version 12.00
# Visual Studio Version 16
VisualStudioVersion = 16.0.29911.84
MinimumVisualStudioVersion = 10.0.40219.1
Project("{FAE04EC0-301F-11D3-BF4B-00C04F79EFBC}") = "Harjoitus2", "Harjoitus2\Harjoitus2.csproj", "{27382539-1A05-4FAF-BA6E-91B030B5D211}"
EndProject
Global
	GlobalSection(SolutionConfigurationPlatforms) = preSolution
		Debug|Any CPU = Debug|Any CPU
		Release|Any CPU = Release|Any CPU
	EndGlobalSection
	GlobalSection(ProjectConfigurationPlatforms) = postSolution
		{27382539-1A05-4FAF-BA6E-91B030B5D211}.Debug|Any CPU.ActiveCfg = Debug|Any CPU
		{27382539-1A05-4FAF-BA6E-91B030B5D211}.Debug|Any CPU.Build.0 = Debug|Any CPU
		{27382539-1A05-4FAF-BA6E-91B030B5D211}.Release|Any CPU.ActiveCfg = Release|Any CPU
		{27382539-1A05-4FAF-BA6E-91B030B5D211}.Release|Any CPU.Build.0 = Release|Any CPU
	EndGlobalSection
	GlobalSection(SolutionProperties) = preSolution
		HideSolutionNode = FALSE
	EndGlobalSection
	GlobalSection(ExtensibilityGlobals) = postSolution
		SolutionGuid = {D5362681-6A43-48C8-A851-8C4B5126E3DA}
	EndGlobalSection
EndGlobal
