
Microsoft Visual Studio Solution File, Format Version 12.00
# Visual Studio Version 16
VisualStudioVersion = 16.0.29911.84
MinimumVisualStudioVersion = 10.0.40219.1
Project("{FAE04EC0-301F-11D3-BF4B-00C04F79EFBC}") = "Harjoitus2", "Harjoitus2\Harjoitus2.csproj", "{E0174E0A-186C-422E-A1B9-B8C6D120B5D8}"
EndProject
Global
	GlobalSection(SolutionConfigurationPlatforms) = preSolution
		Debug|Any CPU = Debug|Any CPU
		Release|Any CPU = Release|Any CPU
	EndGlobalSection
	GlobalSection(ProjectConfigurationPlatforms) = postSolution
		{E0174E0A-186C-422E-A1B9-B8C6D120B5D8}.Debug|Any CPU.ActiveCfg = Debug|Any CPU
		{E0174E0A-186C-422E-A1B9-B8C6D120B5D8}.Debug|Any CPU.Build.0 = Debug|Any CPU
		{E0174E0A-186C-422E-A1B9-B8C6D120B5D8}.Release|Any CPU.ActiveCfg = Release|Any CPU
		{E0174E0A-186C-422E-A1B9-B8C6D120B5D8}.Release|Any CPU.Build.0 = Release|Any CPU
	EndGlobalSection
	GlobalSection(SolutionProperties) = preSolution
		HideSolutionNode = FALSE
	EndGlobalSection
	GlobalSection(ExtensibilityGlobals) = postSolution
		SolutionGuid = {ADA3F90B-B1EE-487C-8607-3A32439F6D5B}
	EndGlobalSection
EndGlobal
