
Microsoft Visual Studio Solution File, Format Version 12.00
# Visual Studio Version 16
VisualStudioVersion = 16.0.29911.84
MinimumVisualStudioVersion = 10.0.40219.1
Project("{FAE04EC0-301F-11D3-BF4B-00C04F79EFBC}") = "Harjoituksia 26.10", "..\Harjoituksia 26.10\Harjoituksia 26.10\Harjoituksia 26.10.csproj", "{9F300CA5-E6CD-4BC2-ABE0-3480B0214288}"
EndProject
Global
	GlobalSection(SolutionConfigurationPlatforms) = preSolution
		Debug|Any CPU = Debug|Any CPU
		Release|Any CPU = Release|Any CPU
	EndGlobalSection
	GlobalSection(ProjectConfigurationPlatforms) = postSolution
		{9F300CA5-E6CD-4BC2-ABE0-3480B0214288}.Debug|Any CPU.ActiveCfg = Debug|Any CPU
		{9F300CA5-E6CD-4BC2-ABE0-3480B0214288}.Debug|Any CPU.Build.0 = Debug|Any CPU
		{9F300CA5-E6CD-4BC2-ABE0-3480B0214288}.Release|Any CPU.ActiveCfg = Release|Any CPU
		{9F300CA5-E6CD-4BC2-ABE0-3480B0214288}.Release|Any CPU.Build.0 = Release|Any CPU
	EndGlobalSection
	GlobalSection(SolutionProperties) = preSolution
		HideSolutionNode = FALSE
	EndGlobalSection
	GlobalSection(ExtensibilityGlobals) = postSolution
		SolutionGuid = {7DB5728A-5621-4698-8075-DF961472736C}
	EndGlobalSection
EndGlobal
