
Microsoft Visual Studio Solution File, Format Version 12.00
# Visual Studio Version 16
VisualStudioVersion = 16.0.29911.84
MinimumVisualStudioVersion = 10.0.40219.1
Project("{FAE04EC0-301F-11D3-BF4B-00C04F79EFBC}") = "Matematiikkaa1", "Matematiikkaa1\Matematiikkaa1.csproj", "{35B16600-6D48-4E60-B02C-9047927D14B5}"
EndProject
Global
	GlobalSection(SolutionConfigurationPlatforms) = preSolution
		Debug|Any CPU = Debug|Any CPU
		Release|Any CPU = Release|Any CPU
	EndGlobalSection
	GlobalSection(ProjectConfigurationPlatforms) = postSolution
		{35B16600-6D48-4E60-B02C-9047927D14B5}.Debug|Any CPU.ActiveCfg = Debug|Any CPU
		{35B16600-6D48-4E60-B02C-9047927D14B5}.Debug|Any CPU.Build.0 = Debug|Any CPU
		{35B16600-6D48-4E60-B02C-9047927D14B5}.Release|Any CPU.ActiveCfg = Release|Any CPU
		{35B16600-6D48-4E60-B02C-9047927D14B5}.Release|Any CPU.Build.0 = Release|Any CPU
	EndGlobalSection
	GlobalSection(SolutionProperties) = preSolution
		HideSolutionNode = FALSE
	EndGlobalSection
	GlobalSection(ExtensibilityGlobals) = postSolution
		SolutionGuid = {6489FE7C-01FE-499D-B8A9-ED724B5724FB}
	EndGlobalSection
EndGlobal
